
Microsoft Visual Studio Solution File, Format Version 12.00
# Visual Studio Version 17
VisualStudioVersion = 17.12.35527.113
MinimumVisualStudioVersion = 10.0.40219.1
Project("{FAE04EC0-301F-11D3-BF4B-00C04F79EFBC}") = "Bank-System-PaySky", "Bank-System-PaySky\Bank-System-PaySky.csproj", "{37F5EAD8-B48F-477A-B2BD-117F04E87727}"
EndProject
Project("{FAE04EC0-301F-11D3-BF4B-00C04F79EFBC}") = "UnitTest", "UnitTest\UnitTest.csproj", "{BDF9C4BC-73E6-4E52-9AB8-EA3A63871E0A}"
EndProject
Global
	GlobalSection(SolutionConfigurationPlatforms) = preSolution
		Debug|Any CPU = Debug|Any CPU
		Release|Any CPU = Release|Any CPU
	EndGlobalSection
	GlobalSection(ProjectConfigurationPlatforms) = postSolution
		{37F5EAD8-B48F-477A-B2BD-117F04E87727}.Debug|Any CPU.ActiveCfg = Debug|Any CPU
		{37F5EAD8-B48F-477A-B2BD-117F04E87727}.Debug|Any CPU.Build.0 = Debug|Any CPU
		{37F5EAD8-B48F-477A-B2BD-117F04E87727}.Release|Any CPU.ActiveCfg = Release|Any CPU
		{37F5EAD8-B48F-477A-B2BD-117F04E87727}.Release|Any CPU.Build.0 = Release|Any CPU
		{BDF9C4BC-73E6-4E52-9AB8-EA3A63871E0A}.Debug|Any CPU.ActiveCfg = Debug|Any CPU
		{BDF9C4BC-73E6-4E52-9AB8-EA3A63871E0A}.Debug|Any CPU.Build.0 = Debug|Any CPU
		{BDF9C4BC-73E6-4E52-9AB8-EA3A63871E0A}.Release|Any CPU.ActiveCfg = Release|Any CPU
		{BDF9C4BC-73E6-4E52-9AB8-EA3A63871E0A}.Release|Any CPU.Build.0 = Release|Any CPU
	EndGlobalSection
	GlobalSection(SolutionProperties) = preSolution
		HideSolutionNode = FALSE
	EndGlobalSection
EndGlobal
